Microsoft Visual Studio Solution File, Format Version 12.00
# Visual Studio Version 17
VisualStudioVersion = 17.5.2.0
MinimumVisualStudioVersion = 10.0.40219.1
Project("{FAE04EC0-301F-11D3-BF4B-00C04F79EFBC}") = "ThumbnailGeneratorFunction", "ThumbnailGeneratorFunction.csproj", "{0F287B83-56CC-9B5E-8E49-1683B170739C}"
EndProject
Global
	GlobalSection(SolutionConfigurationPlatforms) = preSolution
		Debug|Any CPU = Debug|Any CPU
		Release|Any CPU = Release|Any CPU
	EndGlobalSection
	GlobalSection(ProjectConfigurationPlatforms) = postSolution
		{0F287B83-56CC-9B5E-8E49-1683B170739C}.Debug|Any CPU.ActiveCfg = Debug|Any CPU
		{0F287B83-56CC-9B5E-8E49-1683B170739C}.Debug|Any CPU.Build.0 = Debug|Any CPU
		{0F287B83-56CC-9B5E-8E49-1683B170739C}.Release|Any CPU.ActiveCfg = Release|Any CPU
		{0F287B83-56CC-9B5E-8E49-1683B170739C}.Release|Any CPU.Build.0 = Release|Any CPU
	EndGlobalSection
	GlobalSection(SolutionProperties) = preSolution
		HideSolutionNode = FALSE
	EndGlobalSection
	GlobalSection(ExtensibilityGlobals) = postSolution
		SolutionGuid = {867B1BB0-9240-4DF3-859D-569A7FEBAC1D}
	EndGlobalSection
EndGlobal
